// !$*UTF8*$!
{
	archiveVersion = 1;
	classes = {
	};
	objectVersion = 56;
	objects = {

/* Begin PBXBuildFile section */
		F56983F129598DB6007AB85A /* Color.swift in Sources */ = {isa = PBXBuildFile; fileRef = F56983F029598DB6007AB85A /* Color.swift */; };
		F572A8252958D82F009FCCDC /* ElysiamRealmApp.swift in Sources */ = {isa = PBXBuildFile; fileRef = F572A8242958D82F009FCCDC /* ElysiamRealmApp.swift */; };
		F572A8272958D82F009FCCDC /* ContentView.swift in Sources */ = {isa = PBXBuildFile; fileRef = F572A8262958D82F009FCCDC /* ContentView.swift */; };
		F572A8292958D832009FCCDC /* Assets.xcassets in Resources */ = {isa = PBXBuildFile; fileRef = F572A8282958D832009FCCDC /* Assets.xcassets */; };
		F572A82C2958D832009FCCDC /* Preview Assets.xcassets in Resources */ = {isa = PBXBuildFile; fileRef = F572A82B2958D832009FCCDC /* Preview Assets.xcassets */; };
		F572A82E2958D832009FCCDC /* Persistence.swift in Sources */ = {isa = PBXBuildFile; fileRef = F572A82D2958D832009FCCDC /* Persistence.swift */; };
		F572A8312958D832009FCCDC /* ElysiamRealm.xcdatamodeld in Sources */ = {isa = PBXBuildFile; fileRef = F572A82F2958D832009FCCDC /* ElysiamRealm.xcdatamodeld */; };
		F572A83B2958D832009FCCDC /* ElysiamRealmTests.swift in Sources */ = {isa = PBXBuildFile; fileRef = F572A83A2958D832009FCCDC /* ElysiamRealmTests.swift */; };
		F572A8452958D832009FCCDC /* ElysiamRealmUITests.swift in Sources */ = {isa = PBXBuildFile; fileRef = F572A8442958D832009FCCDC /* ElysiamRealmUITests.swift */; };
		F572A8472958D832009FCCDC /* ElysiamRealmUITestsLaunchTests.swift in Sources */ = {isa = PBXBuildFile; fileRef = F572A8462958D832009FCCDC /* ElysiamRealmUITestsLaunchTests.swift */; };
		F572A8552958DC99009FCCDC /* Kingfisher in Frameworks */ = {isa = PBXBuildFile; productRef = F572A8542958DC99009FCCDC /* Kingfisher */; };
		F572A85729593AEA009FCCDC /* ValkyrieCard.swift in Sources */ = {isa = PBXBuildFile; fileRef = F572A85629593AEA009FCCDC /* ValkyrieCard.swift */; };
		F572A85A29594FDA009FCCDC /* Valkyrie.swift in Sources */ = {isa = PBXBuildFile; fileRef = F572A85929594FDA009FCCDC /* Valkyrie.swift */; };
		F572A85D295953D9009FCCDC /* ValkyrieRepository.swift in Sources */ = {isa = PBXBuildFile; fileRef = F572A85C295953D9009FCCDC /* ValkyrieRepository.swift */; };
		F5F9B4DA295C445A002CD34B /* CarouselText.swift in Sources */ = {isa = PBXBuildFile; fileRef = F5F9B4D9295C445A002CD34B /* CarouselText.swift */; };
/* End PBXBuildFile section */

/* Begin PBXContainerItemProxy section */
		F572A8372958D832009FCCDC /* PBXContainerItemProxy */ = {
			isa = PBXContainerItemProxy;
			containerPortal = F572A8192958D82F009FCCDC /* Project object */;
			proxyType = 1;
			remoteGlobalIDString = F572A8202958D82F009FCCDC;
			remoteInfo = ElysiamRealm;
		};
		F572A8412958D832009FCCDC /* PBXContainerItemProxy */ = {
			isa = PBXContainerItemProxy;
			containerPortal = F572A8192958D82F009FCCDC /* Project object */;
			proxyType = 1;
			remoteGlobalIDString = F572A8202958D82F009FCCDC;
			remoteInfo = ElysiamRealm;
		};
/* End PBXContainerItemProxy section */

/* Begin PBXFileReference section */
		F56983F029598DB6007AB85A /* Color.swift */ = {isa = PBXFileReference; lastKnownFileType = sourcecode.swift; path = Color.swift; sourceTree = "<group>"; };
		F572A8212958D82F009FCCDC /* ElysiamRealm.app */ = {isa = PBXFileReference; explicitFileType = wrapper.application; includeInIndex = 0; path = ElysiamRealm.app; sourceTree = BUILT_PRODUCTS_DIR; };
		F572A8242958D82F009FCCDC /* ElysiamRealmApp.swift */ = {isa = PBXFileReference; lastKnownFileType = sourcecode.swift; path = ElysiamRealmApp.swift; sourceTree = "<group>"; };
		F572A8262958D82F009FCCDC /* ContentView.swift */ = {isa = PBXFileReference; lastKnownFileType = sourcecode.swift; path = ContentView.swift; sourceTree = "<group>"; };
		F572A8282958D832009FCCDC /* Assets.xcassets */ = {isa = PBXFileReference; lastKnownFileType = folder.assetcatalog; path = Assets.xcassets; sourceTree = "<group>"; };
		F572A82B2958D832009FCCDC /* Preview Assets.xcassets */ = {isa = PBXFileReference; lastKnownFileType = folder.assetcatalog; path = "Preview Assets.xcassets"; sourceTree = "<group>"; };
		F572A82D2958D832009FCCDC /* Persistence.swift */ = {isa = PBXFileReference; lastKnownFileType = sourcecode.swift; path = Persistence.swift; sourceTree = "<group>"; };
		F572A8302958D832009FCCDC /* ElysiamRealm.xcdatamodel */ = {isa = PBXFileReference; lastKnownFileType = wrapper.xcdatamodel; path = ElysiamRealm.xcdatamodel; sourceTree = "<group>"; };
		F572A8362958D832009FCCDC /* ElysiamRealmTests.xctest */ = {isa = PBXFileReference; explicitFileType = wrapper.cfbundle; includeInIndex = 0; path = ElysiamRealmTests.xctest; sourceTree = BUILT_PRODUCTS_DIR; };
		F572A83A2958D832009FCCDC /* ElysiamRealmTests.swift */ = {isa = PBXFileReference; lastKnownFileType = sourcecode.swift; path = ElysiamRealmTests.swift; sourceTree = "<group>"; };
		F572A8402958D832009FCCDC /* ElysiamRealmUITests.xctest */ = {isa = PBXFileReference; explicitFileType = wrapper.cfbundle; includeInIndex = 0; path = ElysiamRealmUITests.xctest; sourceTree = BUILT_PRODUCTS_DIR; };
		F572A8442958D832009FCCDC /* ElysiamRealmUITests.swift */ = {isa = PBXFileReference; lastKnownFileType = sourcecode.swift; path = ElysiamRealmUITests.swift; sourceTree = "<group>"; };
		F572A8462958D832009FCCDC /* ElysiamRealmUITestsLaunchTests.swift */ = {isa = PBXFileReference; lastKnownFileType = sourcecode.swift; path = ElysiamRealmUITestsLaunchTests.swift; sourceTree = "<group>"; };
		F572A85629593AEA009FCCDC /* ValkyrieCard.swift */ = {isa = PBXFileReference; lastKnownFileType = sourcecode.swift; path = ValkyrieCard.swift; sourceTree = "<group>"; };
		F572A85929594FDA009FCCDC /* Valkyrie.swift */ = {isa = PBXFileReference; lastKnownFileType = sourcecode.swift; path = Valkyrie.swift; sourceTree = "<group>"; };
		F572A85C295953D9009FCCDC /* ValkyrieRepository.swift */ = {isa = PBXFileReference; lastKnownFileType = sourcecode.swift; path = ValkyrieRepository.swift; sourceTree = "<group>"; };
		F5F9B4D9295C445A002CD34B /* CarouselText.swift */ = {isa = PBXFileReference; lastKnownFileType = sourcecode.swift; path = CarouselText.swift; sourceTree = "<group>"; };
/* End PBXFileReference section */

/* Begin PBXFrameworksBuildPhase section */
		F572A81E2958D82F009FCCDC /* Frameworks */ = {
			isa = PBXFrameworksBuildPhase;
			buildActionMask = 2147483647;
			files = (
				F572A8552958DC99009FCCDC /* Kingfisher in Frameworks */,
			);
			runOnlyForDeploymentPostprocessing = 0;
		};
		F572A8332958D832009FCCDC /* Frameworks */ = {
			isa = PBXFrameworksBuildPhase;
			buildActionMask = 2147483647;
			files = (
			);
			runOnlyForDeploymentPostprocessing = 0;
		};
		F572A83D2958D832009FCCDC /* Frameworks */ = {
			isa = PBXFrameworksBuildPhase;
			buildActionMask = 2147483647;
			files = (
			);
			runOnlyForDeploymentPostprocessing = 0;
		};
/* End PBXFrameworksBuildPhase section */

/* Begin PBXGroup section */
		F56983EF29598DA6007AB85A /* Utils */ = {
			isa = PBXGroup;
			children = (
				F56983F029598DB6007AB85A /* Color.swift */,
			);
			path = Utils;
			sourceTree = "<group>";
		};
		F572A8182958D82F009FCCDC = {
			isa = PBXGroup;
			children = (
				F572A8232958D82F009FCCDC /* ElysiamRealm */,
				F572A8392958D832009FCCDC /* ElysiamRealmTests */,
				F572A8432958D832009FCCDC /* ElysiamRealmUITests */,
				F572A8222958D82F009FCCDC /* Products */,
			);
			sourceTree = "<group>";
		};
		F572A8222958D82F009FCCDC /* Products */ = {
			isa = PBXGroup;
			children = (
				F572A8212958D82F009FCCDC /* ElysiamRealm.app */,
				F572A8362958D832009FCCDC /* ElysiamRealmTests.xctest */,
				F572A8402958D832009FCCDC /* ElysiamRealmUITests.xctest */,
			);
			name = Products;
			sourceTree = "<group>";
		};
		F572A8232958D82F009FCCDC /* ElysiamRealm */ = {
			isa = PBXGroup;
			children = (
				F5F9B4D8295C441F002CD34B /* Views */,
				F56983EF29598DA6007AB85A /* Utils */,
				F572A85B295953BD009FCCDC /* Repositories */,
				F572A85829594F5F009FCCDC /* Models */,
				F572A8242958D82F009FCCDC /* ElysiamRealmApp.swift */,
				F572A8282958D832009FCCDC /* Assets.xcassets */,
				F572A82D2958D832009FCCDC /* Persistence.swift */,
				F572A82F2958D832009FCCDC /* ElysiamRealm.xcdatamodeld */,
				F572A82A2958D832009FCCDC /* Preview Content */,
			);
			path = ElysiamRealm;
			sourceTree = "<group>";
		};
		F572A82A2958D832009FCCDC /* Preview Content */ = {
			isa = PBXGroup;
			children = (
				F572A82B2958D832009FCCDC /* Preview Assets.xcassets */,
			);
			path = "Preview Content";
			sourceTree = "<group>";
		};
		F572A8392958D832009FCCDC /* ElysiamRealmTests */ = {
			isa = PBXGroup;
			children = (
				F572A83A2958D832009FCCDC /* ElysiamRealmTests.swift */,
			);
			path = ElysiamRealmTests;
			sourceTree = "<group>";
		};
		F572A8432958D832009FCCDC /* ElysiamRealmUITests */ = {
			isa = PBXGroup;
			children = (
				F572A8442958D832009FCCDC /* ElysiamRealmUITests.swift */,
				F572A8462958D832009FCCDC /* ElysiamRealmUITestsLaunchTests.swift */,
			);
			path = ElysiamRealmUITests;
			sourceTree = "<group>";
		};
		F572A85829594F5F009FCCDC /* Models */ = {
			isa = PBXGroup;
			children = (
				F572A85929594FDA009FCCDC /* Valkyrie.swift */,
			);
			path = Models;
			sourceTree = "<group>";
		};
		F572A85B295953BD009FCCDC /* Repositories */ = {
			isa = PBXGroup;
			children = (
				F572A85C295953D9009FCCDC /* ValkyrieRepository.swift */,
			);
			path = Repositories;
			sourceTree = "<group>";
		};
		F5F9B4D8295C441F002CD34B /* Views */ = {
			isa = PBXGroup;
			children = (
				F572A85629593AEA009FCCDC /* ValkyrieCard.swift */,
				F572A8262958D82F009FCCDC /* ContentView.swift */,
				F5F9B4D9295C445A002CD34B /* CarouselText.swift */,
			);
			path = Views;
			sourceTree = "<group>";
		};
/* End PBXGroup section */

/* Begin PBXNativeTarget section */
		F572A8202958D82F009FCCDC /* ElysiamRealm */ = {
			isa = PBXNativeTarget;
			buildConfigurationList = F572A84A2958D832009FCCDC /* Build configuration list for PBXNativeTarget "ElysiamRealm" */;
			buildPhases = (
				F572A81D2958D82F009FCCDC /* Sources */,
				F572A81E2958D82F009FCCDC /* Frameworks */,
				F572A81F2958D82F009FCCDC /* Resources */,
			);
			buildRules = (
			);
			dependencies = (
			);
			name = ElysiamRealm;
			packageProductDependencies = (
				F572A8542958DC99009FCCDC /* Kingfisher */,
			);
			productName = ElysiamRealm;
			productReference = F572A8212958D82F009FCCDC /* ElysiamRealm.app */;
			productType = "com.apple.product-type.application";
		};
		F572A8352958D832009FCCDC /* ElysiamRealmTests */ = {
			isa = PBXNativeTarget;
			buildConfigurationList = F572A84D2958D832009FCCDC /* Build configuration list for PBXNativeTarget "ElysiamRealmTests" */;
			buildPhases = (
				F572A8322958D832009FCCDC /* Sources */,
				F572A8332958D832009FCCDC /* Frameworks */,
				F572A8342958D832009FCCDC /* Resources */,
			);
			buildRules = (
			);
			dependencies = (
				F572A8382958D832009FCCDC /* PBXTargetDependency */,
			);
			name = ElysiamRealmTests;
			productName = ElysiamRealmTests;
			productReference = F572A8362958D832009FCCDC /* ElysiamRealmTests.xctest */;
			productType = "com.apple.product-type.bundle.unit-test";
		};
		F572A83F2958D832009FCCDC /* ElysiamRealmUITests */ = {
			isa = PBXNativeTarget;
			buildConfigurationList = F572A8502958D832009FCCDC /* Build configuration list for PBXNativeTarget "ElysiamRealmUITests" */;
			buildPhases = (
				F572A83C2958D832009FCCDC /* Sources */,
				F572A83D2958D832009FCCDC /* Frameworks */,
				F572A83E2958D832009FCCDC /* Resources */,
			);
			buildRules = (
			);
			dependencies = (
				F572A8422958D832009FCCDC /* PBXTargetDependency */,
			);
			name = ElysiamRealmUITests;
			productName = ElysiamRealmUITests;
			productReference = F572A8402958D832009FCCDC /* ElysiamRealmUITests.xctest */;
			productType = "com.apple.product-type.bundle.ui-testing";
		};
/* End PBXNativeTarget section */

/* Begin PBXProject section */
		F572A8192958D82F009FCCDC /* Project object */ = {
			isa = PBXProject;
			attributes = {
				BuildIndependentTargetsInParallel = 1;
				LastSwiftUpdateCheck = 1420;
				LastUpgradeCheck = 1420;
				TargetAttributes = {
					F572A8202958D82F009FCCDC = {
						CreatedOnToolsVersion = 14.2;
					};
					F572A8352958D832009FCCDC = {
						CreatedOnToolsVersion = 14.2;
						TestTargetID = F572A8202958D82F009FCCDC;
					};
					F572A83F2958D832009FCCDC = {
						CreatedOnToolsVersion = 14.2;
						TestTargetID = F572A8202958D82F009FCCDC;
					};
				};
			};
			buildConfigurationList = F572A81C2958D82F009FCCDC /* Build configuration list for PBXProject "ElysiamRealm" */;
			compatibilityVersion = "Xcode 14.0";
			developmentRegion = en;
			hasScannedForEncodings = 0;
			knownRegions = (
				en,
				Base,
			);
			mainGroup = F572A8182958D82F009FCCDC;
			packageReferences = (
				F572A8532958DC99009FCCDC /* XCRemoteSwiftPackageReference "Kingfisher" */,
			);
			productRefGroup = F572A8222958D82F009FCCDC /* Products */;
			projectDirPath = "";
			projectRoot = "";
			targets = (
				F572A8202958D82F009FCCDC /* ElysiamRealm */,
				F572A8352958D832009FCCDC /* ElysiamRealmTests */,
				F572A83F2958D832009FCCDC /* ElysiamRealmUITests */,
			);
		};
/* End PBXProject section */

/* Begin PBXResourcesBuildPhase section */
		F572A81F2958D82F009FCCDC /* Resources */ = {
			isa = PBXResourcesBuildPhase;
			buildActionMask = 2147483647;
			files = (
				F572A82C2958D832009FCCDC /* Preview Assets.xcassets in Resources */,
				F572A8292958D832009FCCDC /* Assets.xcassets in Resources */,
			);
			runOnlyForDeploymentPostprocessing = 0;
		};
		F572A8342958D832009FCCDC /* Resources */ = {
			isa = PBXResourcesBuildPhase;
			buildActionMask = 2147483647;
			files = (
			);
			runOnlyForDeploymentPostprocessing = 0;
		};
		F572A83E2958D832009FCCDC /* Resources */ = {
			isa = PBXResourcesBuildPhase;
			buildActionMask = 2147483647;
			files = (
			);
			runOnlyForDeploymentPostprocessing = 0;
		};
/* End PBXResourcesBuildPhase section */

/* Begin PBXSourcesBuildPhase section */
		F572A81D2958D82F009FCCDC /* Sources */ = {
			isa = PBXSourcesBuildPhase;
			buildActionMask = 2147483647;
			files = (
				F572A85729593AEA009FCCDC /* ValkyrieCard.swift in Sources */,
				F572A85D295953D9009FCCDC /* ValkyrieRepository.swift in Sources */,
				F572A82E2958D832009FCCDC /* Persistence.swift in Sources */,
				F572A8272958D82F009FCCDC /* ContentView.swift in Sources */,
				F5F9B4DA295C445A002CD34B /* CarouselText.swift in Sources */,
				F572A8312958D832009FCCDC /* ElysiamRealm.xcdatamodeld in Sources */,
				F56983F129598DB6007AB85A /* Color.swift in Sources */,
				F572A85A29594FDA009FCCDC /* Valkyrie.swift in Sources */,
				F572A8252958D82F009FCCDC /* ElysiamRealmApp.swift in Sources */,
			);
			runOnlyForDeploymentPostprocessing = 0;
		};
		F572A8322958D832009FCCDC /* Sources */ = {
			isa = PBXSourcesBuildPhase;
			buildActionMask = 2147483647;
			files = (
				F572A83B2958D832009FCCDC /* ElysiamRealmTests.swift in Sources */,
			);
			runOnlyForDeploymentPostprocessing = 0;
		};
		F572A83C2958D832009FCCDC /* Sources */ = {
			isa = PBXSourcesBuildPhase;
			buildActionMask = 2147483647;
			files = (
				F572A8452958D832009FCCDC /* ElysiamRealmUITests.swift in Sources */,
				F572A8472958D832009FCCDC /* ElysiamRealmUITestsLaunchTests.swift in Sources */,
			);
			runOnlyForDeploymentPostprocessing = 0;
		};
/* End PBXSourcesBuildPhase section */

/* Begin PBXTargetDependency section */
		F572A8382958D832009FCCDC /* PBXTargetDependency */ = {
			isa = PBXTargetDependency;
			target = F572A8202958D82F009FCCDC /* ElysiamRealm */;
			targetProxy = F572A8372958D832009FCCDC /* PBXContainerItemProxy */;
		};
		F572A8422958D832009FCCDC /* PBXTargetDependency */ = {
			isa = PBXTargetDependency;
			target = F572A8202958D82F009FCCDC /* ElysiamRealm */;
			targetProxy = F572A8412958D832009FCCDC /* PBXContainerItemProxy */;
		};
/* End PBXTargetDependency section */

/* Begin XCBuildConfiguration section */
		F572A8482958D832009FCCDC /* Debug */ = {
			isa = XCBuildConfiguration;
			buildSettings = {
				ALWAYS_SEARCH_USER_PATHS = NO;
				CLANG_ANALYZER_NONNULL = YES;
				CLANG_ANALYZER_NUMBER_OBJECT_CONVERSION = YES_AGGRESSIVE;
				CLANG_CXX_LANGUAGE_STANDARD = "gnu++20";
				CLANG_ENABLE_MODULES = YES;
				CLANG_ENABLE_OBJC_ARC = YES;
				CLANG_ENABLE_OBJC_WEAK = YES;
				CLANG_WARN_BLOCK_CAPTURE_AUTORELEASING = YES;
				CLANG_WARN_BOOL_CONVERSION = YES;
				CLANG_WARN_COMMA = YES;
				CLANG_WARN_CONSTANT_CONVERSION = YES;
				CLANG_WARN_DEPRECATED_OBJC_IMPLEMENTATIONS = YES;
				CLANG_WARN_DIRECT_OBJC_ISA_USAGE = YES_ERROR;
				CLANG_WARN_DOCUMENTATION_COMMENTS = YES;
				CLANG_WARN_EMPTY_BODY = YES;
				CLANG_WARN_ENUM_CONVERSION = YES;
				CLANG_WARN_INFINITE_RECURSION = YES;
				CLANG_WARN_INT_CONVERSION = YES;
				CLANG_WARN_NON_LITERAL_NULL_CONVERSION = YES;
				CLANG_WARN_OBJC_IMPLICIT_RETAIN_SELF = YES;
				CLANG_WARN_OBJC_LITERAL_CONVERSION = YES;
				CLANG_WARN_OBJC_ROOT_CLASS = YES_ERROR;
				CLANG_WARN_QUOTED_INCLUDE_IN_FRAMEWORK_HEADER = YES;
				CLANG_WARN_RANGE_LOOP_ANALYSIS = YES;
				CLANG_WARN_STRICT_PROTOTYPES = YES;
				CLANG_WARN_SUSPICIOUS_MOVE = YES;
				CLANG_WARN_UNGUARDED_AVAILABILITY = YES_AGGRESSIVE;
				CLANG_WARN_UNREACHABLE_CODE = YES;
				CLANG_WARN__DUPLICATE_METHOD_MATCH = YES;
				COPY_PHASE_STRIP = NO;
				DEBUG_INFORMATION_FORMAT = dwarf;
				ENABLE_STRICT_OBJC_MSGSEND = YES;
				ENABLE_TESTABILITY = YES;
				GCC_C_LANGUAGE_STANDARD = gnu11;
				GCC_DYNAMIC_NO_PIC = NO;
				GCC_NO_COMMON_BLOCKS = YES;
				GCC_OPTIMIZATION_LEVEL = 0;
				GCC_PREPROCESSOR_DEFINITIONS = (
					"DEBUG=1",
					"$(inherited)",
				);
				GCC_WARN_64_TO_32_BIT_CONVERSION = YES;
				GCC_WARN_ABOUT_RETURN_TYPE = YES_ERROR;
				GCC_WARN_UNDECLARED_SELECTOR = YES;
				GCC_WARN_UNINITIALIZED_AUTOS = YES_AGGRESSIVE;
				GCC_WARN_UNUSED_FUNCTION = YES;
				GCC_WARN_UNUSED_VARIABLE = YES;
				IPHONEOS_DEPLOYMENT_TARGET = 16.2;
				MTL_ENABLE_DEBUG_INFO = INCLUDE_SOURCE;
				MTL_FAST_MATH = YES;
				ONLY_ACTIVE_ARCH = YES;
				SDKROOT = iphoneos;
				SWIFT_ACTIVE_COMPILATION_CONDITIONS = DEBUG;
				SWIFT_OPTIMIZATION_LEVEL = "-Onone";
			};
			name = Debug;
		};
		F572A8492958D832009FCCDC /* Release */ = {
			isa = XCBuildConfiguration;
			buildSettings = {
				ALWAYS_SEARCH_USER_PATHS = NO;
				CLANG_ANALYZER_NONNULL = YES;
				CLANG_ANALYZER_NUMBER_OBJECT_CONVERSION = YES_AGGRESSIVE;
				CLANG_CXX_LANGUAGE_STANDARD = "gnu++20";
				CLANG_ENABLE_MODULES = YES;
				CLANG_ENABLE_OBJC_ARC = YES;
				CLANG_ENABLE_OBJC_WEAK = YES;
				CLANG_WARN_BLOCK_CAPTURE_AUTORELEASING = YES;
				CLANG_WARN_BOOL_CONVERSION = YES;
				CLANG_WARN_COMMA = YES;
				CLANG_WARN_CONSTANT_CONVERSION = YES;
				CLANG_WARN_DEPRECATED_OBJC_IMPLEMENTATIONS = YES;
				CLANG_WARN_DIRECT_OBJC_ISA_USAGE = YES_ERROR;
				CLANG_WARN_DOCUMENTATION_COMMENTS = YES;
				CLANG_WARN_EMPTY_BODY = YES;
				CLANG_WARN_ENUM_CONVERSION = YES;
				CLANG_WARN_INFINITE_RECURSION = YES;
				CLANG_WARN_INT_CONVERSION = YES;
				CLANG_WARN_NON_LITERAL_NULL_CONVERSION = YES;
				CLANG_WARN_OBJC_IMPLICIT_RETAIN_SELF = YES;
				CLANG_WARN_OBJC_LITERAL_CONVERSION = YES;
				CLANG_WARN_OBJC_ROOT_CLASS = YES_ERROR;
				CLANG_WARN_QUOTED_INCLUDE_IN_FRAMEWORK_HEADER = YES;
				CLANG_WARN_RANGE_LOOP_ANALYSIS = YES;
				CLANG_WARN_STRICT_PROTOTYPES = YES;
				CLANG_WARN_SUSPICIOUS_MOVE = YES;
				CLANG_WARN_UNGUARDED_AVAILABILITY = YES_AGGRESSIVE;
				CLANG_WARN_UNREACHABLE_CODE = YES;
				CLANG_WARN__DUPLICATE_METHOD_MATCH = YES;
				COPY_PHASE_STRIP = NO;
				DEBUG_INFORMATION_FORMAT = "dwarf-with-dsym";
				ENABLE_NS_ASSERTIONS = NO;
				ENABLE_STRICT_OBJC_MSGSEND = YES;
				GCC_C_LANGUAGE_STANDARD = gnu11;
				GCC_NO_COMMON_BLOCKS = YES;
				GCC_WARN_64_TO_32_BIT_CONVERSION = YES;
				GCC_WARN_ABOUT_RETURN_TYPE = YES_ERROR;
				GCC_WARN_UNDECLARED_SELECTOR = YES;
				GCC_WARN_UNINITIALIZED_AUTOS = YES_AGGRESSIVE;
				GCC_WARN_UNUSED_FUNCTION = YES;
				GCC_WARN_UNUSED_VARIABLE = YES;
				IPHONEOS_DEPLOYMENT_TARGET = 16.2;
				MTL_ENABLE_DEBUG_INFO = NO;
				MTL_FAST_MATH = YES;
				SDKROOT = iphoneos;
				SWIFT_COMPILATION_MODE = wholemodule;
				SWIFT_OPTIMIZATION_LEVEL = "-O";
				VALIDATE_PRODUCT = YES;
			};
			name = Release;
		};
		F572A84B2958D832009FCCDC /* Debug */ = {
			isa = XCBuildConfiguration;
			buildSettings = {
				ASSETCATALOG_COMPILER_APPICON_NAME = AppIcon;
				ASSETCATALOG_COMPILER_GLOBAL_ACCENT_COLOR_NAME = AccentColor;
				CODE_SIGN_STYLE = Automatic;
				CURRENT_PROJECT_VERSION = 1;
				DEVELOPMENT_ASSET_PATHS = "\"ElysiamRealm/Preview Content\"";
				DEVELOPMENT_TEAM = B97JTSGWZ2;
				ENABLE_PREVIEWS = YES;
				GENERATE_INFOPLIST_FILE = YES;
				INFOPLIST_KEY_UIApplicationSceneManifest_Generation = YES;
				INFOPLIST_KEY_UIApplicationSupportsIndirectInputEvents = YES;
				INFOPLIST_KEY_UILaunchScreen_Generation = YES;
				INFOPLIST_KEY_UISupportedInterfaceOrientations_iPad = "UIInterfaceOrientationPortrait UIInterfaceOrientationPortraitUpsideDown UIInterfaceOrientationLandscapeLeft UIInterfaceOrientationLandscapeRight";
				INFOPLIST_KEY_UISupportedInterfaceOrientations_iPhone = "UIInterfaceOrientationPortrait UIInterfaceOrientationLandscapeLeft UIInterfaceOrientationLandscapeRight";
				LD_RUNPATH_SEARCH_PATHS = (
					"$(inherited)",
					"@executable_path/Frameworks",
				);
				MARKETING_VERSION = 1.0;
				PRODUCT_BUNDLE_IDENTIFIER = misaki1301.ElysiamRealm;
				PRODUCT_NAME = "$(TARGET_NAME)";
				SWIFT_EMIT_LOC_STRINGS = YES;
				SWIFT_VERSION = 5.0;
				TARGETED_DEVICE_FAMILY = "1,2";
			};
			name = Debug;
		};
		F572A84C2958D832009FCCDC /* Release */ = {
			isa = XCBuildConfiguration;
			buildSettings = {
				ASSETCATALOG_COMPILER_APPICON_NAME = AppIcon;
				ASSETCATALOG_COMPILER_GLOBAL_ACCENT_COLOR_NAME = AccentColor;
				CODE_SIGN_STYLE = Automatic;
				CURRENT_PROJECT_VERSION = 1;
				DEVELOPMENT_ASSET_PATHS = "\"ElysiamRealm/Preview Content\"";
				DEVELOPMENT_TEAM = B97JTSGWZ2;
				ENABLE_PREVIEWS = YES;
				GENERATE_INFOPLIST_FILE = YES;
				INFOPLIST_KEY_UIApplicationSceneManifest_Generation = YES;
				INFOPLIST_KEY_UIApplicationSupportsIndirectInputEvents = YES;
				INFOPLIST_KEY_UILaunchScreen_Generation = YES;
				INFOPLIST_KEY_UISupportedInterfaceOrientations_iPad = "UIInterfaceOrientationPortrait UIInterfaceOrientationPortraitUpsideDown UIInterfaceOrientationLandscapeLeft UIInterfaceOrientationLandscapeRight";
				INFOPLIST_KEY_UISupportedInterfaceOrientations_iPhone = "UIInterfaceOrientationPortrait UIInterfaceOrientationLandscapeLeft UIInterfaceOrientationLandscapeRight";
				LD_RUNPATH_SEARCH_PATHS = (
					"$(inherited)",
					"@executable_path/Frameworks",
				);
				MARKETING_VERSION = 1.0;
				PRODUCT_BUNDLE_IDENTIFIER = misaki1301.ElysiamRealm;
				PRODUCT_NAME = "$(TARGET_NAME)";
				SWIFT_EMIT_LOC_STRINGS = YES;
				SWIFT_VERSION = 5.0;
				TARGETED_DEVICE_FAMILY = "1,2";
			};
			name = Release;
		};
		F572A84E2958D832009FCCDC /* Debug */ = {
			isa = XCBuildConfiguration;
			buildSettings = {
				ALWAYS_EMBED_SWIFT_STANDARD_LIBRARIES = YES;
				BUNDLE_LOADER = "$(TEST_HOST)";
				CODE_SIGN_STYLE = Automatic;
				CURRENT_PROJECT_VERSION = 1;
				DEVELOPMENT_TEAM = B97JTSGWZ2;
				GENERATE_INFOPLIST_FILE = YES;
				IPHONEOS_DEPLOYMENT_TARGET = 16.2;
				MARKETING_VERSION = 1.0;
				PRODUCT_BUNDLE_IDENTIFIER = misaki1301.ElysiamRealmTests;
				PRODUCT_NAME = "$(TARGET_NAME)";
				SWIFT_EMIT_LOC_STRINGS = NO;
				SWIFT_VERSION = 5.0;
				TARGETED_DEVICE_FAMILY = "1,2";
				TEST_HOST = "$(BUILT_PRODUCTS_DIR)/ElysiamRealm.app/$(BUNDLE_EXECUTABLE_FOLDER_PATH)/ElysiamRealm";
			};
			name = Debug;
		};
		F572A84F2958D832009FCCDC /* Release */ = {
			isa = XCBuildConfiguration;
			buildSettings = {
				ALWAYS_EMBED_SWIFT_STANDARD_LIBRARIES = YES;
				BUNDLE_LOADER = "$(TEST_HOST)";
				CODE_SIGN_STYLE = Automatic;
				CURRENT_PROJECT_VERSION = 1;
				DEVELOPMENT_TEAM = B97JTSGWZ2;
				GENERATE_INFOPLIST_FILE = YES;
				IPHONEOS_DEPLOYMENT_TARGET = 16.2;
				MARKETING_VERSION = 1.0;
				PRODUCT_BUNDLE_IDENTIFIER = misaki1301.ElysiamRealmTests;
				PRODUCT_NAME = "$(TARGET_NAME)";
				SWIFT_EMIT_LOC_STRINGS = NO;
				SWIFT_VERSION = 5.0;
				TARGETED_DEVICE_FAMILY = "1,2";
				TEST_HOST = "$(BUILT_PRODUCTS_DIR)/ElysiamRealm.app/$(BUNDLE_EXECUTABLE_FOLDER_PATH)/ElysiamRealm";
			};
			name = Release;
		};
		F572A8512958D832009FCCDC /* Debug */ = {
			isa = XCBuildConfiguration;
			buildSettings = {
				ALWAYS_EMBED_SWIFT_STANDARD_LIBRARIES = YES;
				CODE_SIGN_STYLE = Automatic;
				CURRENT_PROJECT_VERSION = 1;
				DEVELOPMENT_TEAM = B97JTSGWZ2;
				GENERATE_INFOPLIST_FILE = YES;
				MARKETING_VERSION = 1.0;
				PRODUCT_BUNDLE_IDENTIFIER = misaki1301.ElysiamRealmUITests;
				PRODUCT_NAME = "$(TARGET_NAME)";
				SWIFT_EMIT_LOC_STRINGS = NO;
				SWIFT_VERSION = 5.0;
				TARGETED_DEVICE_FAMILY = "1,2";
				TEST_TARGET_NAME = ElysiamRealm;
			};
			name = Debug;
		};
		F572A8522958D832009FCCDC /* Release */ = {
			isa = XCBuildConfiguration;
			buildSettings = {
				ALWAYS_EMBED_SWIFT_STANDARD_LIBRARIES = YES;
				CODE_SIGN_STYLE = Automatic;
				CURRENT_PROJECT_VERSION = 1;
				DEVELOPMENT_TEAM = B97JTSGWZ2;
				GENERATE_INFOPLIST_FILE = YES;
				MARKETING_VERSION = 1.0;
				PRODUCT_BUNDLE_IDENTIFIER = misaki1301.ElysiamRealmUITests;
				PRODUCT_NAME = "$(TARGET_NAME)";
				SWIFT_EMIT_LOC_STRINGS = NO;
				SWIFT_VERSION = 5.0;
				TARGETED_DEVICE_FAMILY = "1,2";
				TEST_TARGET_NAME = ElysiamRealm;
			};
			name = Release;
		};
/* End XCBuildConfiguration section */

/* Begin XCConfigurationList section */
		F572A81C2958D82F009FCCDC /* Build configuration list for PBXProject "ElysiamRealm" */ = {
			isa = XCConfigurationList;
			buildConfigurations = (
				F572A8482958D832009FCCDC /* Debug */,
				F572A8492958D832009FCCDC /* Release */,
			);
			defaultConfigurationIsVisible = 0;
			defaultConfigurationName = Release;
		};
		F572A84A2958D832009FCCDC /* Build configuration list for PBXNativeTarget "ElysiamRealm" */ = {
			isa = XCConfigurationList;
			buildConfigurations = (
				F572A84B2958D832009FCCDC /* Debug */,
				F572A84C2958D832009FCCDC /* Release */,
			);
			defaultConfigurationIsVisible = 0;
			defaultConfigurationName = Release;
		};
		F572A84D2958D832009FCCDC /* Build configuration list for PBXNativeTarget "ElysiamRealmTests" */ = {
			isa = XCConfigurationList;
			buildConfigurations = (
				F572A84E2958D832009FCCDC /* Debug */,
				F572A84F2958D832009FCCDC /* Release */,
			);
			defaultConfigurationIsVisible = 0;
			defaultConfigurationName = Release;
		};
		F572A8502958D832009FCCDC /* Build configuration list for PBXNativeTarget "ElysiamRealmUITests" */ = {
			isa = XCConfigurationList;
			buildConfigurations = (
				F572A8512958D832009FCCDC /* Debug */,
				F572A8522958D832009FCCDC /* Release */,
			);
			defaultConfigurationIsVisible = 0;
			defaultConfigurationName = Release;
		};
/* End XCConfigurationList section */

/* Begin XCRemoteSwiftPackageReference section */
		F572A8532958DC99009FCCDC /* XCRemoteSwiftPackageReference "Kingfisher" */ = {
			isa = XCRemoteSwiftPackageReference;
			repositoryURL = "https://github.com/onevcat/Kingfisher.git";
			requirement = {
				kind = upToNextMajorVersion;
				minimumVersion = 7.0.0;
			};
		};
/* End XCRemoteSwiftPackageReference section */

/* Begin XCSwiftPackageProductDependency section */
		F572A8542958DC99009FCCDC /* Kingfisher */ = {
			isa = XCSwiftPackageProductDependency;
			package = F572A8532958DC99009FCCDC /* XCRemoteSwiftPackageReference "Kingfisher" */;
			productName = Kingfisher;
		};
/* End XCSwiftPackageProductDependency section */

/* Begin XCVersionGroup section */
		F572A82F2958D832009FCCDC /* ElysiamRealm.xcdatamodeld */ = {
			isa = XCVersionGroup;
			children = (
				F572A8302958D832009FCCDC /* ElysiamRealm.xcdatamodel */,
			);
			currentVersion = F572A8302958D832009FCCDC /* ElysiamRealm.xcdatamodel */;
			path = ElysiamRealm.xcdatamodeld;
			sourceTree = "<group>";
			versionGroupType = wrapper.xcdatamodel;
		};
/* End XCVersionGroup section */
	};
	rootObject = F572A8192958D82F009FCCDC /* Project object */;
}
